{
  "name": "turborepo-basic-shared",
  "version": "0.0.0",
  "lockfileVersion": 1,
  "requires": true,
  "dependencies": {
    "prettier": {
      "version": "2.5.1",
      "resolved": "https://registry.npmjs.org/prettier/-/prettier-2.5.1.tgz",
      "integrity": "sha512-vBZcPRUR5MZJwoyi3ZoyQlc1rXeEck8KgeC9AwwOn+exuxLxq5toTRDTSaVrXHxelDMHy9zlicw8u66yxoSUFg==",
      "dev": true
    },
    "turbo": {
      "version": "1.1.1",
      "resolved": "https://registry.npmjs.org/turbo/-/turbo-1.1.1.tgz",
      "integrity": "sha512-UTgz9PaQAuVJqm4WtcOzHh2LFA0k2zfzsl/gn4Ss+YdAi8K4ZUw2bbXGPlA1b702KUTt8GESq7N0kKoQJVPF/w==",
      "dev": true,
      "requires": {
        "turbo-darwin-64": "1.1.1",
        "turbo-darwin-arm64": "1.1.1",
        "turbo-freebsd-64": "1.1.1",
        "turbo-freebsd-arm64": "1.1.1",
        "turbo-linux-32": "1.1.1",
        "turbo-linux-64": "1.1.1",
        "turbo-linux-arm": "1.1.1",
        "turbo-linux-arm64": "1.1.1",
        "turbo-linux-mips64le": "1.1.1",
        "turbo-linux-ppc64le": "1.1.1",
        "turbo-windows-32": "1.1.1",
        "turbo-windows-64": "1.1.1"
      }
    },
    "turbo-darwin-64": {
      "version": "1.1.1",
      "resolved": "https://registry.npmjs.org/turbo-darwin-64/-/turbo-darwin-64-1.1.1.tgz",
      "integrity": "sha512-D2gX6ltOyI53fqnWO0hvMvVJBQuomyl34RjVFBOwZVw2n9CQRRni7arspG7/qV0Frr2ixerEe88AkTztCjn5EA==",
      "dev": true,
      "optional": true
    },
    "turbo-darwin-arm64": {
      "version": "1.1.1",
      "resolved": "https://registry.npmjs.org/turbo-darwin-arm64/-/turbo-darwin-arm64-1.1.1.tgz",
      "integrity": "sha512-4lJb1e0qoKqPCsKV9ETy5J56YIokon/VMP08/9xVjweoY1IKurfwjKPtqW8XZVMQdYL+7Ym9OafmIanIRIIUOg==",
      "dev": true,
      "optional": true
    },
    "turbo-freebsd-64": {
      "version": "1.1.1",
      "resolved": "https://registry.npmjs.org/turbo-freebsd-64/-/turbo-freebsd-64-1.1.1.tgz",
      "integrity": "sha512-XMwYtI0Pi+E03K+gEC4osroJ3tbgQImfowoq+S9hSevykI/hcyAcBPwykgJJtMlInfpIZfCrKPzc07QDupyt1A==",
      "dev": true,
      "optional": true
    },
    "turbo-freebsd-arm64": {
      "version": "1.1.1",
      "resolved": "https://registry.npmjs.org/turbo-freebsd-arm64/-/turbo-freebsd-arm64-1.1.1.tgz",
      "integrity": "sha512-YxiAm/pxJguBewIiFnQnhbCKsiOpO/r8AlIWQvvfLk+2gaqvy8c9rUKyky8uffG34393Zkefd1GjtL7aCWKwbA==",
      "dev": true,
      "optional": true
    },
    "turbo-linux-32": {
      "version": "1.1.1",
      "resolved": "https://registry.npmjs.org/turbo-linux-32/-/turbo-linux-32-1.1.1.tgz",
      "integrity": "sha512-qnHdVV2N/dZ5/fJ/XE4N+juYdjKB75IZfEfLaHcAuNOqEnxbclv6IoRb5X7iCWHdarv2u1eR5OUfJrpSw6vWbA==",
      "dev": true,
      "optional": true
    },
    "turbo-linux-64": {
      "version": "1.1.1",
      "resolved": "https://registry.npmjs.org/turbo-linux-64/-/turbo-linux-64-1.1.1.tgz",
      "integrity": "sha512-54BHnEEqE8q3Zpny40tX5HC7WAhjLZz4Sk3p1G9Fmodi48IhmCPCjq0wqFNLWogVFOyN5t6x6CgGLyfTtM22gQ==",
      "dev": true,
      "optional": true
    },
    "turbo-linux-arm": {
      "version": "1.1.1",
      "resolved": "https://registry.npmjs.org/turbo-linux-arm/-/turbo-linux-arm-1.1.1.tgz",
      "integrity": "sha512-d4jcsb/b8sIxnNi3JBtR2nbP9hJxOlZ3vCgUpPcLPEbDy+jAEMwt8LArV7cdRO3zaI4Bcp6a0QrRCrHhZAyH4Q==",
      "dev": true,
      "optional": true
    },
    "turbo-linux-arm64": {
      "version": "1.1.1",
      "resolved": "https://registry.npmjs.org/turbo-linux-arm64/-/turbo-linux-arm64-1.1.1.tgz",
      "integrity": "sha512-nrKQSkmYIWKndbB5LpsgGmbRuQNy4OzuKM6t9niSUzLPFaT3yZ2MVRwvBoHuBRQyvMvEc954kBqVUCKabX/MUQ==",
      "dev": true,
      "optional": true
    },
    "turbo-linux-mips64le": {
      "version": "1.1.1",
      "resolved": "https://registry.npmjs.org/turbo-linux-mips64le/-/turbo-linux-mips64le-1.1.1.tgz",
      "integrity": "sha512-OUA0IMtpu1C1HF8OBi4Pdf1R9yny6uFlaCGZvrEprEbO+gUkOJ1JOyDsF+KQRNVQr9Q0Oji+rJH8D8xQ6tNu/w==",
      "dev": true,
      "optional": true
    },
    "turbo-linux-ppc64le": {
      "version": "1.1.1",
      "resolved": "https://registry.npmjs.org/turbo-linux-ppc64le/-/turbo-linux-ppc64le-1.1.1.tgz",
      "integrity": "sha512-SZCF9geJKgm9pbSqLRaflQtiHqU/Hjax1u6Hbv1VjJHWC53RisJb06C9azalNrGaKUu25K31hfVUcgBMYmNhZg==",
      "dev": true,
      "optional": true
    },
    "turbo-windows-32": {
      "version": "1.1.1",
      "resolved": "https://registry.npmjs.org/turbo-windows-32/-/turbo-windows-32-1.1.1.tgz",
      "integrity": "sha512-v3i9tuE6jEOBLBbkg83BOSSIp6f2NDst5MhTBwlNb+PB6TEiv11pdarkufecgH7BJtU5UCSEYoewjI4XAndpPA==",
      "dev": true,
      "optional": true
    },
    "turbo-windows-64": {
      "version": "1.1.1",
      "resolved": "https://registry.npmjs.org/turbo-windows-64/-/turbo-windows-64-1.1.1.tgz",
      "integrity": "sha512-vNfl07uMrgbq8YXXsvNIHxxEdBdez7PWUjy1cOaXCFQQw+HebSwQ70WM2KMoHGY3TULbwTquRxy/xFjmh1tGzw==",
      "dev": true,
      "optional": true
    }
  }
}
